[[package]]
name = "atomicwrites"
version = "1.4.0"
description = "Atomic file writes."
category = "dev"
optional = false
python-versions = ">=2.7, !=3.0.*, !=3.1.*, !=3.2.*, !=3.3.*"

[[package]]
name = "attrs"
version = "21.2.0"
description = "Classes Without Boilerplate"
category = "dev"
optional = false
python-versions = ">=2.7, !=3.0.*, !=3.1.*, !=3.2.*, !=3.3.*, !=3.4.*"

[package.extras]
dev = ["coverage[toml] (>=5.0.2)", "hypothesis", "pympler", "pytest (>=4.3.0)", "six", "mypy", "pytest-mypy-plugins", "zope.interface", "furo", "sphinx", "sphinx-notfound-page", "pre-commit"]
docs = ["furo", "sphinx", "zope.interface", "sphinx-notfound-page"]
tests = ["coverage[toml] (>=5.0.2)", "hypothesis", "pympler", "pytest (>=4.3.0)", "six", "mypy", "pytest-mypy-plugins", "zope.interface"]
tests_no_zope = ["coverage[toml] (>=5.0.2)", "hypothesis", "pympler", "pytest (>=4.3.0)", "six", "mypy", "pytest-mypy-plugins"]

[[package]]
name = "autograd"
version = "1.3"
description = "Efficiently computes derivatives of numpy code."
category = "main"
optional = true
python-versions = "*"

[package.dependencies]
future = ">=0.15.2"
numpy = ">=1.12"

[[package]]
name = "cmake"
version = "3.22.0"
description = "CMake is an open-source, cross-platform family of tools designed to build, test and package software"
category = "dev"
optional = false
python-versions = "*"

[package.extras]
test = ["codecov (>=2.0.5)", "coverage (>=4.2)", "flake8 (>=3.0.4)", "path.py (>=11.5.0)", "pytest (>=3.0.3)", "pytest-cov (>=2.4.0)", "pytest-runner (>=2.9)", "pytest-virtualenv (>=1.7.0)", "scikit-build (>=0.10.0)", "setuptools (>=28.0.0)", "virtualenv (>=15.0.3)", "wheel"]

[[package]]
name = "colorama"
version = "0.4.4"
description = "Cross-platform colored terminal text."
category = "dev"
optional = false
python-versions = ">=2.7, !=3.0.*, !=3.1.*, !=3.2.*, !=3.3.*, !=3.4.*"

[[package]]
name = "cython"
version = "0.29.24"
description = "The Cython compiler for writing C extensions for the Python language."
category = "dev"
optional = false
python-versions = ">=2.6, !=3.0.*, !=3.1.*, !=3.2.*"

[[package]]
name = "future"
version = "0.18.2"
description = "Clean single-source support for Python 3 and 2"
category = "main"
optional = true
python-versions = ">=2.6, !=3.0.*, !=3.1.*, !=3.2.*"

[[package]]
name = "iniconfig"
version = "1.1.1"
description = "iniconfig: brain-dead simple config-ini parsing"
category = "dev"
optional = false
python-versions = "*"

[[package]]
name = "joblib"
version = "1.1.0"
description = "Lightweight pipelining with Python functions"
category = "main"
optional = true
python-versions = ">=3.6"

[[package]]
name = "meson"
version = "0.60.1"
description = "A high performance build system"
category = "dev"
optional = false
python-versions = ">=3.6"

[package.extras]
progress = ["tqdm"]
typing = ["mypy", "typing-extensions"]

[[package]]
name = "ninja"
version = "1.10.2.3"
description = "Ninja is a small build system with a focus on speed"
category = "dev"
optional = false
python-versions = "*"

[package.extras]
test = ["codecov (>=2.0.5)", "coverage (>=4.2)", "flake8 (>=3.0.4)", "pytest (>=4.5.0)", "pytest-cov (>=2.7.1)", "pytest-runner (>=5.1)", "pytest-virtualenv (>=1.7.0)", "virtualenv (>=15.0.3)"]

[[package]]
name = "numpy"
version = "1.20.0"
description = "NumPy is the fundamental package for array computing with Python."
category = "main"
optional = false
python-versions = ">=3.7"

[[package]]
name = "packaging"
version = "21.3"
description = "Core utilities for Python packages"
category = "dev"
optional = false
python-versions = ">=3.6"

[package.dependencies]
pyparsing = ">=2.0.2,<3.0.5 || >3.0.5"

[[package]]
name = "pluggy"
version = "1.0.0"
description = "plugin and hook calling mechanisms for python"
category = "dev"
optional = false
python-versions = ">=3.6"

[package.extras]
dev = ["pre-commit", "tox"]
testing = ["pytest", "pytest-benchmark"]

[[package]]
name = "py"
version = "1.11.0"
description = "library with cross-python path, ini-parsing, io, code, log facilities"
category = "dev"
optional = false
python-versions = ">=2.7, !=3.0.*, !=3.1.*, !=3.2.*, !=3.3.*, !=3.4.*"

[[package]]
name = "pymanopt"
version = "0.2.5"
description = "Toolbox for optimization on manifolds with support for automatic differentiation"
category = "main"
optional = true
python-versions = "*"

[package.dependencies]
numpy = ">=1.16"
scipy = "*"

[package.extras]
all = ["coveralls", "flake8", "sphinx", "sphinx-rtd-theme", "autograd", "tensorflow (==1.15)", "theano"]
autograd = ["autograd"]
tensorflow = ["tensorflow (==1.15)"]
test = ["coveralls", "flake8", "sphinx", "sphinx-rtd-theme"]
theano = ["theano"]

[[package]]
name = "pyparsing"
version = "3.0.6"
description = "Python parsing module"
category = "dev"
optional = false
python-versions = ">=3.6"

[package.extras]
diagrams = ["jinja2", "railroad-diagrams"]

[[package]]
name = "pytest"
version = "6.2.5"
description = "pytest: simple powerful testing with Python"
category = "dev"
optional = false
python-versions = ">=3.6"

[package.dependencies]
atomicwrites = {version = ">=1.0", markers = "sys_platform == \"win32\""}
attrs = ">=19.2.0"
colorama = {version = "*", markers = "sys_platform == \"win32\""}
iniconfig = "*"
packaging = "*"
pluggy = ">=0.12,<2.0"
py = ">=1.8.2"
toml = "*"

[package.extras]
testing = ["argcomplete", "hypothesis (>=3.56)", "mock", "nose", "requests", "xmlschema"]

[[package]]
name = "scikit-learn"
version = "1.0.1"
description = "A set of python modules for machine learning and data mining"
category = "main"
optional = true
python-versions = ">=3.7"

[package.dependencies]
joblib = ">=0.11"
numpy = ">=1.14.6"
scipy = ">=1.1.0"
threadpoolctl = ">=2.0.0"

[package.extras]
benchmark = ["matplotlib (>=2.2.3)", "pandas (>=0.25.0)", "memory-profiler (>=0.57.0)"]
docs = ["matplotlib (>=2.2.3)", "scikit-image (>=0.14.5)", "pandas (>=0.25.0)", "seaborn (>=0.9.0)", "memory-profiler (>=0.57.0)", "sphinx (>=4.0.1)", "sphinx-gallery (>=0.7.0)", "numpydoc (>=1.0.0)", "Pillow (>=7.1.2)", "sphinx-prompt (>=1.3.0)", "sphinxext-opengraph (>=0.4.2)"]
examples = ["matplotlib (>=2.2.3)", "scikit-image (>=0.14.5)", "pandas (>=0.25.0)", "seaborn (>=0.9.0)"]
tests = ["matplotlib (>=2.2.3)", "scikit-image (>=0.14.5)", "pandas (>=0.25.0)", "pytest (>=5.0.1)", "pytest-cov (>=2.9.0)", "flake8 (>=3.8.2)", "black (>=21.6b0)", "mypy (>=0.770)", "pyamg (>=4.0.0)"]

[[package]]
name = "scipy"
version = "1.7.2"
description = "SciPy: Scientific Library for Python"
category = "main"
optional = false
python-versions = ">=3.7,<3.11"

[package.dependencies]
numpy = ">=1.16.5,<1.23.0"

[[package]]
name = "threadpoolctl"
version = "3.0.0"
description = "threadpoolctl"
category = "main"
optional = true
python-versions = ">=3.6"

[[package]]
name = "toml"
version = "0.10.2"
description = "Python Library for Tom's Obvious, Minimal Language"
category = "dev"
optional = false
python-versions = ">=2.6, !=3.0.*, !=3.1.*, !=3.2.*"

[extras]
autograd = ["autograd"]
pymanopt = ["pymanopt"]
scikit-learn = ["scikit-learn"]

[metadata]
lock-version = "1.1"
python-versions = ">=3.8,<3.10"
content-hash = "10633d7b3071e4f44dbb602f7736b213261f275a9137c630c6e722404c0cb2f5"

[metadata.files]
atomicwrites = [
    {file = "atomicwrites-1.4.0-py2.py3-none-any.whl", hash = "sha256:6d1784dea7c0c8d4a5172b6c620f40b6e4cbfdf96d783691f2e1302a7b88e197"},
    {file = "atomicwrites-1.4.0.tar.gz", hash = "sha256:ae70396ad1a434f9c7046fd2dd196fc04b12f9e91ffb859164193be8b6168a7a"},
]
attrs = [
    {file = "attrs-21.2.0-py2.py3-none-any.whl", hash = "sha256:149e90d6d8ac20db7a955ad60cf0e6881a3f20d37096140088356da6c716b0b1"},
    {file = "attrs-21.2.0.tar.gz", hash = "sha256:ef6aaac3ca6cd92904cdd0d83f629a15f18053ec84e6432106f7a4d04ae4f5fb"},
]
autograd = [
    {file = "autograd-1.3.tar.gz", hash = "sha256:a15d147577e10de037de3740ca93bfa3b5a7cdfbc34cfb9105429c3580a33ec4"},
]
cmake = [
    {file = "cmake-3.22.0-py2.py3-none-macosx_10_9_universal2.macosx_10_9_x86_64.macosx_11_0_arm64.macosx_11_0_universal2.whl", hash = "sha256:99b53d7c4aeea6ec6c61929c642b20265f56d3471a0c38858ea4894d1554683a"},
    {file = "cmake-3.22.0-py2.py3-none-manylinux_2_12_i686.manylinux2010_i686.whl", hash = "sha256:282dbb00f1c0aeb58243b490cb1e033ac159b9c13154c78afb08f18126472660"},
    {file = "cmake-3.22.0-py2.py3-none-manylinux_2_12_x86_64.manylinux2010_x86_64.whl", hash = "sha256:4f9f672a556921c92033dc084425990a8823d23ff468a24d154729f4418710ab"},
    {file = "cmake-3.22.0-py2.py3-none-manylinux_2_17_aarch64.manylinux2014_aarch64.whl", hash = "sha256:e45e4499572fe3d76123c1d18d5065a5babad3ed5020465fdf88749205ee8dc2"},
    {file = "cmake-3.22.0-py2.py3-none-manylinux_2_17_ppc64le.manylinux2014_ppc64le.whl", hash = "sha256:7d7f6b9a2d31e7a94b989cc672f242a0286a5f6a2bbc0057e6e9455794f7c127"},
    {file = "cmake-3.22.0-py2.py3-none-manylinux_2_17_s390x.manylinux2014_s390x.whl", hash = "sha256:d9904ca81ac2a3dc4c27886c8411e90ca8b0f447f6b16a7caf545078a9979730"},
    {file = "cmake-3.22.0-py2.py3-none-manylinux_2_5_i686.manylinux1_i686.whl", hash = "sha256:cda7e807c7c5a0a4f2df8e3f10a9871a292d0114a1f055b8c4c599911ab8f506"},
    {file = "cmake-3.22.0-py2.py3-none-manylinux_2_5_x86_64.manylinux1_x86_64.whl", hash = "sha256:57e44238d36f4ffffe6e31b064687ce03fae6dc46ec4766b5d82638a2c0c8be4"},
    {file = "cmake-3.22.0-py2.py3-none-musllinux_1_1_aarch64.whl", hash = "sha256:0aa6bb09eef0c927669d3c9f48d54f28968da7d2c916e693e626814b2e0b3865"},
    {file = "cmake-3.22.0-py2.py3-none-musllinux_1_1_i686.whl", hash = "sha256:72a13c7d59cd4af9d62da3bd19b4b509e353b7fcebef9887f73d23bbfd82a7b5"},
    {file = "cmake-3.22.0-py2.py3-none-musllinux_1_1_ppc64le.whl", hash = "sha256:fc62764c07d49607aefa79be05023f1a7698614d03e2f28b5116a977841423b1"},
    {file = "cmake-3.22.0-py2.py3-none-musllinux_1_1_s390x.whl", hash = "sha256:78b2a8e23cbcd054d63be38b88c5920b48d68d0d620a7ad3389577e370e7a91a"},
    {file = "cmake-3.22.0-py2.py3-none-musllinux_1_1_x86_64.whl", hash = "sha256:1b24893566cf60350a4601c28f3111c55b48e9da1104f591170748404e8d27b8"},
    {file = "cmake-3.22.0-py2.py3-none-win32.whl", hash = "sha256:8affabaa556acbf3ef863d453b35193f208618e2f2e7955a9eeaf431bd9ebd4c"},
    {file = "cmake-3.22.0-py2.py3-none-win_amd64.whl", hash = "sha256:c268288cb088c3de4afc73e10830f64494db2ea78c457f287cb8ccafdffd1eb9"},
    {file = "cmake-3.22.0.tar.gz", hash = "sha256:5a3ccf93dea99791db93cd8babb52e4b70f92d2b380705ee35570cdd5b7a8e8b"},
]
colorama = [
    {file = "colorama-0.4.4-py2.py3-none-any.whl", hash = "sha256:9f47eda37229f68eee03b24b9748937c7dc3868f906e8ba69fbcbdd3bc5dc3e2"},
    {file = "colorama-0.4.4.tar.gz", hash = "sha256:5941b2b48a20143d2267e95b1c2a7603ce057ee39fd88e7329b0c292aa16869b"},
]
cython = [
    {file = "Cython-0.29.24-cp27-cp27m-macosx_10_9_x86_64.whl", hash = "sha256:6a2cf2ccccc25413864928dfd730c29db6f63eaf98206c1e600003a445ca7f58"},
    {file = "Cython-0.29.24-cp27-cp27m-manylinux1_i686.whl", hash = "sha256:b28f92e617f540d3f21f8fd479a9c6491be920ffff672a4c61b7fc4d7f749f39"},
    {file = "Cython-0.29.24-cp27-cp27m-manylinux1_x86_64.whl", hash = "sha256:37bcfa5df2a3009f49624695d917c3804fccbdfcdc5eda6378754a879711a4d5"},
    {file = "Cython-0.29.24-cp27-cp27m-win32.whl", hash = "sha256:9164aeef1af6f837e4fc20402a31d256188ba4d535e262c6cb78caf57ad744f8"},
    {file = "Cython-0.29.24-cp27-cp27m-win_amd64.whl", hash = "sha256:73ac33a4379056a02031baa4def255717fadb9181b5ac2b244792d53eae1c925"},
    {file = "Cython-0.29.24-cp27-cp27mu-manylinux1_i686.whl", hash = "sha256:09ac3087ac7a3d489ebcb3fb8402e00c13d1a3a1c6bc73fd3b0d756a3e341e79"},
    {file = "Cython-0.29.24-cp27-cp27mu-manylinux1_x86_64.whl", hash = "sha256:774cb8fd931ee1ba52c472bc1c19077cd6895c1b24014ae07bb27df59aed5ebe"},
    {file = "Cython-0.29.24-cp34-cp34m-win32.whl", hash = "sha256:5dd56d0be50073f0e54825a8bc3393852de0eed126339ecbca0ae149dba55cfc"},
    {file = "Cython-0.29.24-cp34-cp34m-win_amd64.whl", hash = "sha256:88dc3c250dec280b0489a83950b15809762e27232f4799b1b8d0bad503f5ab84"},
    {file = "Cython-0.29.24-cp35-cp35m-manylinux1_i686.whl", hash = "sha256:5fa12ebafc2f688ea6d26ab6d1d2e634a9872509ba7135b902bb0d8b368fb04b"},
    {file = "Cython-0.29.24-cp35-cp35m-manylinux1_x86_64.whl", hash = "sha256:60c958bcab0ff315b4036a949bed1c65334e1f6a69e17e9966d742febb59043a"},
    {file = "Cython-0.29.24-cp35-cp35m-win32.whl", hash = "sha256:166f9f29cd0058ce1a14a7b3a2458b849ed34b1ec5fd4108af3fdd2c24afcbb0"},
    {file = "Cython-0.29.24-cp35-cp35m-win_amd64.whl", hash = "sha256:76cbca0188d278e93d12ebdaf5990678e6e436485fdfad49dbe9b07717d41a3c"},
    {file = "Cython-0.29.24-cp36-cp36m-macosx_10_9_x86_64.whl", hash = "sha256:f2e9381497b12e8f622af620bde0d1d094035d79b899abb2ddd3a7891f535083"},
    {file = "Cython-0.29.24-cp36-cp36m-manylinux1_i686.whl", hash = "sha256:d8d1a087f35e39384303f5e6b75d465d6f29d746d7138eae9d3b6e8e6f769eae"},
    {file = "Cython-0.29.24-cp36-cp36m-manylinux1_x86_64.whl", hash = "sha256:112efa54a58293a4fb0acf0dd8e5b3736e95b595eee24dd88615648e445abe41"},
    {file = "Cython-0.29.24-cp36-cp36m-manylinux_2_17_aarch64.manylinux2014_aarch64.whl", hash = "sha256:4cf4452f0e4d50e11701bca38f3857fe6fa16593e7fd6a4d5f7be66f611b7da2"},
    {file = "Cython-0.29.24-cp36-cp36m-win32.whl", hash = "sha256:854fe2193d3ad4c8b61932ff54d6dbe10c5fa8749eb8958d72cc0ab28243f833"},
    {file = "Cython-0.29.24-cp36-cp36m-win_amd64.whl", hash = "sha256:84826ec1c11cda56261a252ddecac0c7d6b02e47e81b94f40b27b4c23c29c17c"},
    {file = "Cython-0.29.24-cp37-cp37m-macosx_10_9_x86_64.whl", hash = "sha256:6ade74eece909fd3a437d9a5084829180751d7ade118e281e9824dd75eafaff2"},
    {file = "Cython-0.29.24-cp37-cp37m-manylinux1_i686.whl", hash = "sha256:0a142c6b862e6ed6b02209d543062c038c110585b5e32d1ad7c9717af4f07e41"},
    {file = "Cython-0.29.24-cp37-cp37m-manylinux1_x86_64.whl", hash = "sha256:10cb3def9774fa99e4583617a5616874aed3255dc241fd1f4a3c2978c78e1c53"},
    {file = "Cython-0.29.24-cp37-cp37m-manylinux_2_17_aarch64.manylinux2014_aarch64.whl", hash = "sha256:2f41ef7edd76dd23315925e003f0c58c8585f3ab24be6885c4b3f60e77c82746"},
    {file = "Cython-0.29.24-cp37-cp37m-win32.whl", hash = "sha256:821c2d416ad7d006b069657ee1034c0e0cb45bdbe9ab6ab631e8c495dfcfa4ac"},
    {file = "Cython-0.29.24-cp37-cp37m-win_amd64.whl", hash = "sha256:2d9e61ed1056a3b6a4b9156b62297ad18b357a7948e57a2f49b061217696567e"},
    {file = "Cython-0.29.24-cp38-cp38-macosx_10_9_x86_64.whl", hash = "sha256:55b0ee28c2c8118bfb3ad9b25cf7a6cbd724e442ea96956e32ccd908d5e3e043"},
    {file = "Cython-0.29.24-cp38-cp38-manylinux1_i686.whl", hash = "sha256:eb2843f8cc01c645725e6fc690a84e99cdb266ce8ebe427cf3a680ff09f876aa"},
    {file = "Cython-0.29.24-cp38-cp38-manylinux1_x86_64.whl", hash = "sha256:661dbdea519d9cfb288867252b75fef73ffa8e8bb674cec27acf70646afb369b"},
    {file = "Cython-0.29.24-cp38-cp38-manylinux_2_17_aarch64.manylinux2014_aarch64.whl", hash = "sha256:bc05de569f811be1fcfde6756c9048ae518f0c4b6d9f8f024752c5365d934cac"},
    {file = "Cython-0.29.24-cp38-cp38-win32.whl", hash = "sha256:a102cfa795c6b3b81a29bdb9dbec545367cd7f353c03e6f30a056fdfefd92854"},
    {file = "Cython-0.29.24-cp38-cp38-win_amd64.whl", hash = "sha256:416046a98255eff97ec02077d20ebeaae52682dfca1c35aadf31260442b92514"},
    {file = "Cython-0.29.24-cp39-cp39-macosx_10_9_x86_64.whl", hash = "sha256:ad43e684ade673565f6f9d6638015112f6c7f11aa2a632167b79014f613f0f5f"},
    {file = "Cython-0.29.24-cp39-cp39-manylinux1_i686.whl", hash = "sha256:afb521523cb46ddaa8d269b421f88ea2731fee05e65b952b96d4db760f5a2a1c"},
    {file = "Cython-0.29.24-cp39-cp39-manylinux1_x86_64.whl", hash = "sha256:0d414458cb22f8a90d64260da6dace5d5fcebde43f31be52ca51f818c46db8cb"},
    {file = "Cython-0.29.24-cp39-cp39-manylinux_2_17_aarch64.manylinux2014_aarch64.whl", hash = "sha256:8cb87777e82d1996aef6c146560a19270684271c9c669ba62ac6803b3cd2ff82"},
    {file = "Cython-0.29.24-cp39-cp39-win32.whl", hash = "sha256:91339ee4b465924a3ea4b2a9cec7f7227bc4cadf673ce859d24c2b9ef60b1214"},
    {file = "Cython-0.29.24-cp39-cp39-win_amd64.whl", hash = "sha256:5fb977945a2111f6b64501fdf7ed0ec162cc502b84457fd648d6a558ea8de0d6"},
    {file = "Cython-0.29.24-py2.py3-none-any.whl", hash = "sha256:f96411f0120b5cae483923aaacd2872af8709be4b46522daedc32f051d778385"},
    {file = "Cython-0.29.24.tar.gz", hash = "sha256:cdf04d07c3600860e8c2ebaad4e8f52ac3feb212453c1764a49ac08c827e8443"},
]
future = [
    {file = "future-0.18.2.tar.gz", hash = "sha256:b1bead90b70cf6ec3f0710ae53a525360fa360d306a86583adc6bf83a4db537d"},
]
iniconfig = [
    {file = "iniconfig-1.1.1-py2.py3-none-any.whl", hash = "sha256:011e24c64b7f47f6ebd835bb12a743f2fbe9a26d4cecaa7f53bc4f35ee9da8b3"},
    {file = "iniconfig-1.1.1.tar.gz", hash = "sha256:bc3af051d7d14b2ee5ef9969666def0cd1a000e121eaea580d4a313df4b37f32"},
]
joblib = [
    {file = "joblib-1.1.0-py2.py3-none-any.whl", hash = "sha256:f21f109b3c7ff9d95f8387f752d0d9c34a02aa2f7060c2135f465da0e5160ff6"},
    {file = "joblib-1.1.0.tar.gz", hash = "sha256:4158fcecd13733f8be669be0683b96ebdbbd38d23559f54dca7205aea1bf1e35"},
]
meson = [
    {file = "meson-0.60.1-py3-none-any.whl", hash = "sha256:79a07aabd43f5934472d71921ef3470acbf6a719ba538743c505156fb27d62f6"},
    {file = "meson-0.60.1.tar.gz", hash = "sha256:5add789c953d984b500858b2851ee3d7add0460cf1a6f852f0a721af17384e13"},
]
ninja = [
    {file = "ninja-1.10.2.3-py2.py3-none-macosx_10_9_universal2.macosx_10_9_x86_64.macosx_11_0_arm64.macosx_11_0_universal2.whl", hash = "sha256:d5e0275d28997a750a4f445c00bdd357b35cc334c13cdff13edf30e544704fbd"},
    {file = "ninja-1.10.2.3-py2.py3-none-manylinux_2_17_aarch64.manylinux2014_aarch64.whl", hash = "sha256:5ea785bf6a15727040835256577239fa3cf5da0d60e618c307aa5efc31a1f0ce"},
    {file = "ninja-1.10.2.3-py2.py3-none-manylinux_2_17_ppc64le.manylinux2014_ppc64le.whl", hash = "sha256:29570a18d697fc84d361e7e6330f0021f34603ae0fcb0ef67ae781e9814aae8d"},
    {file = "ninja-1.10.2.3-py2.py3-none-manylinux_2_17_s390x.manylinux2014_s390x.whl", hash = "sha256:21a1d84d4c7df5881bfd86c25cce4cf7af44ba2b8b255c57bc1c434ec30a2dfc"},
    {file = "ninja-1.10.2.3-py2.py3-none-manylinux_2_5_i686.manylinux1_i686.whl", hash = "sha256:9ca8dbece144366d5f575ffc657af03eb11c58251268405bc8519d11cf42f113"},
    {file = "ninja-1.10.2.3-py2.py3-none-manylinux_2_5_x86_64.manylinux1_x86_64.whl", hash = "sha256:279836285975e3519392c93c26e75755e8a8a7fafec9f4ecbb0293119ee0f9c6"},
    {file = "ninja-1.10.2.3-py2.py3-none-musllinux_1_1_aarch64.whl", hash = "sha256:cc8b31b5509a2129e4d12a35fc21238c157038022560aaf22e49ef0a77039086"},
    {file = "ninja-1.10.2.3-py2.py3-none-musllinux_1_1_i686.whl", hash = "sha256:688167841b088b6802e006f911d911ffa925e078c73e8ef2f88286107d3204f8"},
    {file = "ninja-1.10.2.3-py2.py3-none-musllinux_1_1_ppc64le.whl", hash = "sha256:840a0b042d43a8552c4004966e18271ec726e5996578f28345d9ce78e225b67e"},
    {file = "ninja-1.10.2.3-py2.py3-none-musllinux_1_1_s390x.whl", hash = "sha256:84be6f9ec49f635dc40d4b871319a49fa49b8d55f1d9eae7cd50d8e57ddf7a85"},
    {file = "ninja-1.10.2.3-py2.py3-none-musllinux_1_1_x86_64.whl", hash = "sha256:6bd76a025f26b9ae507cf8b2b01bb25bb0031df54ed685d85fc559c411c86cf4"},
    {file = "ninja-1.10.2.3-py2.py3-none-win32.whl", hash = "sha256:740d61fefb4ca13573704ee8fe89b973d40b8dc2a51aaa4e9e68367233743bb6"},
    {file = "ninja-1.10.2.3-py2.py3-none-win_amd64.whl", hash = "sha256:0560eea57199e41e86ac2c1af0108b63ae77c3ca4d05a9425a750e908135935a"},
    {file = "ninja-1.10.2.3.tar.gz", hash = "sha256:e1b86ad50d4e681a7dbdff05fc23bb52cb773edb90bc428efba33fa027738408"},
]
numpy = [
    {file = "numpy-1.20.0-cp37-cp37m-macosx_10_9_x86_64.whl", hash = "sha256:89bd70c9ad540febe6c28451ba225eb4e49d27f64728357f512c808002325dfa"},
    {file = "numpy-1.20.0-cp37-cp37m-manylinux1_i686.whl", hash = "sha256:1264c66129f5ef63187649dd43f1ca59532e8c098723643336a85131c0dcce3f"},
    {file = "numpy-1.20.0-cp37-cp37m-manylinux1_x86_64.whl", hash = "sha256:e9c5fd330d2fedf06051bafb996252de9b032fcb2ec03eefc9a543e56efa66d4"},
    {file = "numpy-1.20.0-cp37-cp37m-manylinux2010_i686.whl", hash = "sha256:db5e69d08756a2fa75a42b4e433880b6187768fe1bc73d21819def893e5128c6"},
    {file = "numpy-1.20.0-cp37-cp37m-manylinux2010_x86_64.whl", hash = "sha256:1abc02e30e3efd81a4571e00f8e62bf42e343c76698e0a3e11d9c2b3ee0d77a7"},
    {file = "numpy-1.20.0-cp37-cp37m-manylinux2014_aarch64.whl", hash = "sha256:5ae765dd29c71a555f8102281f6fb15a3f4dbd35f6e7daf36af9df6d9dd716a5"},
    {file = "numpy-1.20.0-cp37-cp37m-win32.whl", hash = "sha256:b51b9ef0624f4b01b846c981034c10d2e30db33f9f8be71e992f3900741f6f77"},
    {file = "numpy-1.20.0-cp37-cp37m-win_amd64.whl", hash = "sha256:afeee581b50df20ef07b736e62ca612858f1fcdba96651d26ab44e3d567a4e6e"},
    {file = "numpy-1.20.0-cp38-cp38-macosx_10_9_x86_64.whl", hash = "sha256:2bf0e68c92ef077fe766e53f8937d8ac341bdbca68ec128ae049b7d5c34e3206"},
    {file = "numpy-1.20.0-cp38-cp38-manylinux1_i686.whl", hash = "sha256:2445a96fbae23a4109c61be0f0af0f3bc273905dc5687a710850c1dfde0fc994"},
    {file = "numpy-1.20.0-cp38-cp38-manylinux1_x86_64.whl", hash = "sha256:33edfc0eb229f86f539493917b34035054313a11afbed48404aaf9f86bf4b0f6"},
    {file = "numpy-1.20.0-cp38-cp38-manylinux2010_i686.whl", hash = "sha256:894aaee60043a98b03f0ad992c810f62e3a15f98a701e1c0f58a4f4a0df13429"},
    {file = "numpy-1.20.0-cp38-cp38-manylinux2010_x86_64.whl", hash = "sha256:b66a6c15d793eda7cdad986e737775aa31b9306d588c14dd0277d2dda5546150"},
    {file = "numpy-1.20.0-cp38-cp38-manylinux2014_aarch64.whl", hash = "sha256:eee454d3aa3955d0c0069a0f265fea47f1e1384c35a110a95efed358eb6e1562"},
    {file = "numpy-1.20.0-cp38-cp38-win32.whl", hash = "sha256:abdfa075e293d73638ece434708aa60b510dc6e70d805f57f481a0f550b25a9e"},
    {file = "numpy-1.20.0-cp38-cp38-win_amd64.whl", hash = "sha256:f1e9424e9aa3834ea27cc12f9c6ea8ace5da18ee60a720bb3a85b2f733f41782"},
    {file = "numpy-1.20.0-cp39-cp39-macosx_10_9_x86_64.whl", hash = "sha256:cb257bb0c0a3176c32782a63cfab2eace7eabfa2a3b2dfd85a13700617ccaf28"},
    {file = "numpy-1.20.0-cp39-cp39-manylinux2010_i686.whl", hash = "sha256:cf5d9dcbdbe523fa665c5309cce5f144648d94a7fddbf5a40f8e0d5c9f5b596d"},
    {file = "numpy-1.20.0-cp39-cp39-manylinux2010_x86_64.whl", hash = "sha256:93c2abea7bb69f47029b84ceac30ab46dfcfdb99b671ad850a333ff794a765e4"},
    {file = "numpy-1.20.0-cp39-cp39-manylinux2014_aarch64.whl", hash = "sha256:0d28a54afcf46f1f9ebd163e49ad6b49087f22986fefd01a23ca0c1cdda25ca6"},
    {file = "numpy-1.20.0-cp39-cp39-win32.whl", hash = "sha256:d1bc331e1706fd1809a1bc8a31205329e5b30cf5ba50461c624da267e99f6ae6"},
    {file = "numpy-1.20.0-cp39-cp39-win_amd64.whl", hash = "sha256:e3db646af9f6a145f0c57202f4b55d4a33f975e395e78fb7b394644c17c1a3a6"},
    {file = "numpy-1.20.0-pp37-pypy37_pp73-manylinux2010_x86_64.whl", hash = "sha256:4d592264d2a4f368afbb4288b5ceb646d4cbaf559c0249c096fbb0a149806b90"},
    {file = "numpy-1.20.0.zip", hash = "sha256:3d8233c03f116d068d5365fed4477f2947c7229582dad81e5953088989294cec"},
]
packaging = [
    {file = "packaging-21.3-py3-none-any.whl", hash = "sha256:ef103e05f519cdc783ae24ea4e2e0f508a9c99b2d4969652eed6a2e1ea5bd522"},
    {file = "packaging-21.3.tar.gz", hash = "sha256:dd47c42927d89ab911e606518907cc2d3a1f38bbd026385970643f9c5b8ecfeb"},
]
pluggy = [
    {file = "pluggy-1.0.0-py2.py3-none-any.whl", hash = "sha256:74134bbf457f031a36d68416e1509f34bd5ccc019f0bcc952c7b909d06b37bd3"},
    {file = "pluggy-1.0.0.tar.gz", hash = "sha256:4224373bacce55f955a878bf9cfa763c1e360858e330072059e10bad68531159"},
]
py = [
    {file = "py-1.11.0-py2.py3-none-any.whl", hash = "sha256:607c53218732647dff4acdfcd50cb62615cedf612e72d1724fb1a0cc6405b378"},
    {file = "py-1.11.0.tar.gz", hash = "sha256:51c75c4126074b472f746a24399ad32f6053d1b34b68d2fa41e558e6f4a98719"},
]
pymanopt = [
    {file = "pymanopt-0.2.5-py3-none-any.whl", hash = "sha256:aa8c295f932ff76e8f470aa1fe60148588ad738b9fae8d07c83291cb4438aa15"},
    {file = "pymanopt-0.2.5.tar.gz", hash = "sha256:8af3d12fee9f0b6a6756d271972307d7bbee4d3fcef7eed654017cc9c26893d9"},
]
pyparsing = [
    {file = "pyparsing-3.0.6-py3-none-any.whl", hash = "sha256:04ff808a5b90911829c55c4e26f75fa5ca8a2f5f36aa3a51f68e27033341d3e4"},
    {file = "pyparsing-3.0.6.tar.gz", hash = "sha256:d9bdec0013ef1eb5a84ab39a3b3868911598afa494f5faa038647101504e2b81"},
]
pytest = [
    {file = "pytest-6.2.5-py3-none-any.whl", hash = "sha256:7310f8d27bc79ced999e760ca304d69f6ba6c6649c0b60fb0e04a4a77cacc134"},
    {file = "pytest-6.2.5.tar.gz", hash = "sha256:131b36680866a76e6781d13f101efb86cf674ebb9762eb70d3082b6f29889e89"},
]
scikit-learn = [
    {file = "scikit-learn-1.0.1.tar.gz", hash = "sha256:ac2ca9dbb754d61cfe1c83ba8483498ef951d29b93ec09d6f002847f210a99da"},
    {file = "scikit_learn-1.0.1-cp37-cp37m-macosx_10_13_x86_64.whl", hash = "sha256:116e05fd990d9b363fc29bd3699ec2117d7da9088f6ca9a90173b240c5a063f1"},
    {file = "scikit_learn-1.0.1-cp37-cp37m-manylinux_2_12_i686.manylinux2010_i686.whl", hash = "sha256:bd78a2442c948536f677e2744917c37cff014559648102038822c23863741c27"},
    {file = "scikit_learn-1.0.1-cp37-cp37m-manylinux_2_12_x86_64.manylinux2010_x86_64.whl", hash = "sha256:32d941f12fd7e245f01da2b82943c5ce6f1133fa5375eb80caa51457532b3e7e"},
    {file = "scikit_learn-1.0.1-cp37-cp37m-manylinux_2_17_aarch64.manylinux2014_aarch64.whl", hash = "sha256:fb7214103f6c36c1371dd8c166897e3528264a28f2e2e42573ba8c61ed4d7142"},
    {file = "scikit_learn-1.0.1-cp37-cp37m-manylinux_2_5_i686.manylinux1_i686.whl", hash = "sha256:46248cc6a8b72490f723c73ff2e65e62633d14cafe9d2df3a7b3f87d332a6f7e"},
    {file = "scikit_learn-1.0.1-cp37-cp37m-manylinux_2_5_x86_64.manylinux1_x86_64.whl", hash = "sha256:fecb5102f0a36c16c1361ec519a7bb0260776ef40e17393a81f530569c916a7b"},
    {file = "scikit_learn-1.0.1-cp37-cp37m-win32.whl", hash = "sha256:02aee3b257617da0ec98dee9572b10523dc00c25b68c195ddf100c1a93b1854b"},
    {file = "scikit_learn-1.0.1-cp37-cp37m-win_amd64.whl", hash = "sha256:538f3a85c4980c7572f3e754f0ba8489363976ef3e7f6a94e8f1af5ae45f6f6a"},
    {file = "scikit_learn-1.0.1-cp38-cp38-macosx_10_13_x86_64.whl", hash = "sha256:59b1d6df8724003fa16b7365a3b43449ee152aa6e488dd7a19f933640bb2d7fb"},
    {file = "scikit_learn-1.0.1-cp38-cp38-manylinux_2_12_i686.manylinux2010_i686.whl", hash = "sha256:515b227f01f569145dc9f86e56f4cea9f00a613fc4d074bbfc0a92ca00bff467"},
    {file = "scikit_learn-1.0.1-cp38-cp38-manylinux_2_12_x86_64.manylinux2010_x86_64.whl", hash = "sha256:fc75f81571137b39f9b31766e15a0e525331637e7fe8f8000a3fbfba7da3add9"},
    {file = "scikit_learn-1.0.1-cp38-cp38-manylinux_2_17_aarch64.manylinux2014_aarch64.whl", hash = "sha256:648f4dbfdd0a1b45bf6e2e4afe3f431774c55dee05e2d28f8394d6648296f373"},
    {file = "scikit_learn-1.0.1-cp38-cp38-manylinux_2_5_i686.manylinux1_i686.whl", hash = "sha256:53bb7c605427ab187869d7a05cd3f524a3015a90e351c1788fc3a662e7f92b69"},
    {file = "scikit_learn-1.0.1-cp38-cp38-manylinux_2_5_x86_64.manylinux1_x86_64.whl", hash = "sha256:a800665527c1a63f7395a0baae3c89b0d97b54d2c23769c1c9879061bb80bc19"},
    {file = "scikit_learn-1.0.1-cp38-cp38-win32.whl", hash = "sha256:ee59da47e18b703f6de17d5d51b16ce086c50969d5a83db5217f0ae9372de232"},
    {file = "scikit_learn-1.0.1-cp38-cp38-win_amd64.whl", hash = "sha256:ebbe4275556d3c02707bd93ae8b96d9651acd4165126e0ae64b336afa2a6dcb1"},
    {file = "scikit_learn-1.0.1-cp39-cp39-macosx_10_13_x86_64.whl", hash = "sha256:11a57405c1c3514227d0c6a0bee561c94cd1284b41e236f7a1d76b3975f77593"},
    {file = "scikit_learn-1.0.1-cp39-cp39-manylinux_2_12_i686.manylinux2010_i686.whl", hash = "sha256:a51fdbc116974d9715957366df73e5ec6f0a7a2afa017864c2e5f5834e6f494d"},
    {file = "scikit_learn-1.0.1-cp39-cp39-manylinux_2_12_x86_64.manylinux2010_x86_64.whl", hash = "sha256:944f47b2d881b9d24aee40d643bfdc4bd2b6dc3d25b62964411c6d8882f940a1"},
    {file = "scikit_learn-1.0.1-cp39-cp39-manylinux_2_17_aarch64.manylinux2014_aarch64.whl", hash = "sha256:fc60e0371e521995a6af2ef3f5d911568506124c272889b318b8b6e497251231"},
    {file = "scikit_learn-1.0.1-cp39-cp39-manylinux_2_5_i686.manylinux1_i686.whl", hash = "sha256:62ce4e3ddb6e6e9dcdb3e5ac7f0575dbaf56f79ce2b2edee55192b12b52df5be"},
    {file = "scikit_learn-1.0.1-cp39-cp39-manylinux_2_5_x86_64.manylinux1_x86_64.whl", hash = "sha256:059c5be0c0365321ddbcac7abf0db806fad8ecb64ee6c7cbcd58313c7d61634d"},
    {file = "scikit_learn-1.0.1-cp39-cp39-win32.whl", hash = "sha256:c6b9510fd2e1642314efb7aa951a0d05d963f3523e01c30b2dadde2395ebe6b4"},
    {file = "scikit_learn-1.0.1-cp39-cp39-win_amd64.whl", hash = "sha256:c604a813df8e7d6dfca3ae0db0a8fd7e5dff4ea9d94081ab263c81bf0b61ab4b"},
]
scipy = [
    {file = "scipy-1.7.2-1-cp310-cp310-win_amd64.whl", hash = "sha256:dc2d1bf41294e63c7302bf499973ac0c7f73c93c01763db43055f6525234bf11"},
    {file = "scipy-1.7.2-cp310-cp310-macosx_10_9_x86_64.whl", hash = "sha256:97eb573e361a73a553b915dc195c6f72a08249964b1a33f157f9659f3b6210d1"},
    {file = "scipy-1.7.2-cp310-cp310-manylinux_2_17_aarch64.manylinux2014_aarch64.whl", hash = "sha256:359b60a0cccd17723b9d5e329a5212a710e771a3ddde800e472fb93732756c46"},
    {file = "scipy-1.7.2-cp310-cp310-manylinux_2_17_x86_64.manylinux2014_x86_64.whl", hash = "sha256:82c5befebf54d799d77e5f0205c03030f57f69ba2541baa44d2e6ad138c28cd3"},
    {file = "scipy-1.7.2-cp310-cp310-win_amd64.whl", hash = "sha256:54951f51d731c832b1b8885e0a92e89f33d087de7e40d02078bf0d49c7cbdbb5"},
    {file = "scipy-1.7.2-cp37-cp37m-macosx_10_9_x86_64.whl", hash = "sha256:30bdda199667e74b50208a793eb1ba47a04e5e3fa16f5ff06c6f7969ae78e4da"},
    {file = "scipy-1.7.2-cp37-cp37m-manylinux_2_12_i686.manylinux2010_i686.whl", hash = "sha256:e3efe7ef75dfe627b354ab0af0dbc918eadee97cc80ff1aabea6d3e01114ebdd"},
    {file = "scipy-1.7.2-cp37-cp37m-manylinux_2_12_x86_64.manylinux2010_x86_64.whl", hash = "sha256:17fd991a275e4283453f89d404209aa92059ac68d76d804b4bc1716a3742e1b5"},
    {file = "scipy-1.7.2-cp37-cp37m-manylinux_2_17_aarch64.manylinux2014_aarch64.whl", hash = "sha256:74f518ce542533054695f743e4271cb8986b63f95bb51d70fcee4f3929cbff7d"},
    {file = "scipy-1.7.2-cp37-cp37m-win32.whl", hash = "sha256:1437073f1d4664990879aa8f9547524764372e0fef84a077be4b19e82bba7a8d"},
    {file = "scipy-1.7.2-cp37-cp37m-win_amd64.whl", hash = "sha256:39f838ea5ce8da868785193d88d05cf5a6d5c390804ec99de29a28e1dcdd53e6"},
    {file = "scipy-1.7.2-cp38-cp38-macosx_10_9_x86_64.whl", hash = "sha256:e08b81fcd9bf98740b58dc6fdd7879e33a64dcb682201c1135f7d4a75216bb05"},
    {file = "scipy-1.7.2-cp38-cp38-manylinux_2_12_i686.manylinux2010_i686.whl", hash = "sha256:7b1d0f5f524518f1a86f288443528e4ff4a739c0966db663af4129b7ac7849f8"},
    {file = "scipy-1.7.2-cp38-cp38-manylinux_2_17_aarch64.manylinux2014_aarch64.whl", hash = "sha256:cac71d5476a6f56b50459da21f6221707e0051ebd428b2137db32ef4a43bb15e"},
    {file = "scipy-1.7.2-cp38-cp38-manylinux_2_17_x86_64.manylinux2014_x86_64.whl", hash = "sha256:4d175ba93e00d8eef8f7cd70d4d88a9106a86800c82ea03cf2268c36d6545483"},
    {file = "scipy-1.7.2-cp38-cp38-win32.whl", hash = "sha256:8b5726a0fedeaa6beb1095e4466998bdd1d1e960b28db9b5a16c89cbd7b2ebf1"},
    {file = "scipy-1.7.2-cp38-cp38-win_amd64.whl", hash = "sha256:8482c8e45857ab0a5446eb7460d2307a27cbbe659d6d2257820c6d6eb950fd0f"},
    {file = "scipy-1.7.2-cp39-cp39-macosx_10_9_x86_64.whl", hash = "sha256:1ea6233f5a365cb7945b4304bd06323ece3ece85d6a3fa8598d2f53e513467c9"},
    {file = "scipy-1.7.2-cp39-cp39-manylinux_2_12_i686.manylinux2010_i686.whl", hash = "sha256:d86abd1ddf421dea5e9cebfeb4de0d205b3dc04e78249afedba9c6c3b2227ff2"},
    {file = "scipy-1.7.2-cp39-cp39-manylinux_2_17_aarch64.manylinux2014_aarch64.whl", hash = "sha256:2d25272c03ee3c0fe5e0dff1bb7889280bb6c9e1766fa9c7bde81ad8a5f78694"},
    {file = "scipy-1.7.2-cp39-cp39-manylinux_2_17_x86_64.manylinux2014_x86_64.whl", hash = "sha256:5273d832fb9cd5724ee0d335c16a903b923441107dd973d27fc4293075a9f4e3"},
    {file = "scipy-1.7.2-cp39-cp39-win32.whl", hash = "sha256:87cf3964db0f1cce17aeed5bfc1b89a6b4b07dbfc48e50d21fa3549e00456803"},
    {file = "scipy-1.7.2-cp39-cp39-win_amd64.whl", hash = "sha256:a80eb01c43fd98257ec7a49ff5cec0edba32031b5f86503f55399a48cb2c5379"},
    {file = "scipy-1.7.2.tar.gz", hash = "sha256:fa2dbabaaecdb502641b0b3c00dec05fb475ae48655c66da16c9ed24eda1e711"},
]
threadpoolctl = [
    {file = "threadpoolctl-3.0.0-py3-none-any.whl", hash = "sha256:4fade5b3b48ae4b1c30f200b28f39180371104fccc642e039e0f2435ec8cc211"},
    {file = "threadpoolctl-3.0.0.tar.gz", hash = "sha256:d03115321233d0be715f0d3a5ad1d6c065fe425ddc2d671ca8e45e9fd5d7a52a"},
]
toml = [
    {file = "toml-0.10.2-py2.py3-none-any.whl", hash = "sha256:806143ae5bfb6a3c6e736a764057db0e6a0e05e338b5630894a5f779cabb4f9b"},
    {file = "toml-0.10.2.tar.gz", hash = "sha256:b3bda1d108d5dd99f4a20d24d9c348e91c4db7ab1b749200bded2f839ccbe68f"},
]
