[[package]]
name = "atomicwrites"
version = "1.4.0"
description = "Atomic file writes."
category = "dev"
optional = false
python-versions = ">=2.7, !=3.0.*, !=3.1.*, !=3.2.*, !=3.3.*"

[[package]]
name = "attrs"
version = "21.2.0"
description = "Classes Without Boilerplate"
category = "dev"
optional = false
python-versions = ">=2.7, !=3.0.*, !=3.1.*, !=3.2.*, !=3.3.*, !=3.4.*"

[package.extras]
dev = ["coverage[toml] (>=5.0.2)", "hypothesis", "pympler", "pytest (>=4.3.0)", "six", "mypy", "pytest-mypy-plugins", "zope.interface", "furo", "sphinx", "sphinx-notfound-page", "pre-commit"]
docs = ["furo", "sphinx", "zope.interface", "sphinx-notfound-page"]
tests = ["coverage[toml] (>=5.0.2)", "hypothesis", "pympler", "pytest (>=4.3.0)", "six", "mypy", "pytest-mypy-plugins", "zope.interface"]
tests_no_zope = ["coverage[toml] (>=5.0.2)", "hypothesis", "pympler", "pytest (>=4.3.0)", "six", "mypy", "pytest-mypy-plugins"]

[[package]]
name = "autograd"
version = "1.3"
description = "Efficiently computes derivatives of numpy code."
category = "main"
optional = true
python-versions = "*"

[package.dependencies]
future = ">=0.15.2"
numpy = ">=1.12"

[[package]]
name = "cmake"
version = "3.21.4"
description = "CMake is an open-source, cross-platform family of tools designed to build, test and package software"
category = "dev"
optional = false
python-versions = "*"

[package.extras]
test = ["codecov (>=2.0.5)", "coverage (>=4.2)", "flake8 (>=3.0.4)", "path.py (>=11.5.0)", "pytest (>=3.0.3)", "pytest-cov (>=2.4.0)", "pytest-runner (>=2.9)", "pytest-virtualenv (>=1.7.0)", "scikit-build (>=0.10.0)", "setuptools (>=28.0.0)", "virtualenv (>=15.0.3)", "wheel"]

[[package]]
name = "colorama"
version = "0.4.4"
description = "Cross-platform colored terminal text."
category = "dev"
optional = false
python-versions = ">=2.7, !=3.0.*, !=3.1.*, !=3.2.*, !=3.3.*, !=3.4.*"

[[package]]
name = "cython"
version = "0.29.24"
description = "The Cython compiler for writing C extensions for the Python language."
category = "dev"
optional = false
python-versions = ">=2.6, !=3.0.*, !=3.1.*, !=3.2.*"

[[package]]
name = "future"
version = "0.18.2"
description = "Clean single-source support for Python 3 and 2"
category = "main"
optional = true
python-versions = ">=2.6, !=3.0.*, !=3.1.*, !=3.2.*"

[[package]]
name = "iniconfig"
version = "1.1.1"
description = "iniconfig: brain-dead simple config-ini parsing"
category = "dev"
optional = false
python-versions = "*"

[[package]]
name = "joblib"
version = "1.1.0"
description = "Lightweight pipelining with Python functions"
category = "main"
optional = true
python-versions = ">=3.6"

[[package]]
name = "meson"
version = "0.60.0"
description = "A high performance build system"
category = "dev"
optional = false
python-versions = ">=3.6"

[package.extras]
progress = ["tqdm"]
typing = ["mypy", "typing-extensions"]

[[package]]
name = "ninja"
version = "1.10.2.2"
description = "Ninja is a small build system with a focus on speed"
category = "dev"
optional = false
python-versions = "*"

[package.extras]
test = ["codecov (>=2.0.5)", "coverage (>=4.2)", "flake8 (>=3.0.4)", "pytest (>=4.5.0)", "pytest-cov (>=2.7.1)", "pytest-runner (>=5.1)", "pytest-virtualenv (>=1.7.0)", "virtualenv (>=15.0.3)"]

[[package]]
name = "numpy"
version = "1.21.3"
description = "NumPy is the fundamental package for array computing with Python."
category = "main"
optional = false
python-versions = ">=3.7,<3.11"

[[package]]
name = "packaging"
version = "21.0"
description = "Core utilities for Python packages"
category = "dev"
optional = false
python-versions = ">=3.6"

[package.dependencies]
pyparsing = ">=2.0.2"

[[package]]
name = "pluggy"
version = "1.0.0"
description = "plugin and hook calling mechanisms for python"
category = "dev"
optional = false
python-versions = ">=3.6"

[package.extras]
dev = ["pre-commit", "tox"]
testing = ["pytest", "pytest-benchmark"]

[[package]]
name = "py"
version = "1.10.0"
description = "library with cross-python path, ini-parsing, io, code, log facilities"
category = "dev"
optional = false
python-versions = ">=2.7, !=3.0.*, !=3.1.*, !=3.2.*, !=3.3.*"

[[package]]
name = "pymanopt"
version = "0.2.5"
description = "Toolbox for optimization on manifolds with support for automatic differentiation"
category = "main"
optional = true
python-versions = "*"

[package.dependencies]
numpy = ">=1.16"
scipy = "*"

[package.extras]
all = ["coveralls", "flake8", "sphinx", "sphinx-rtd-theme", "autograd", "tensorflow (==1.15)", "theano"]
autograd = ["autograd"]
tensorflow = ["tensorflow (==1.15)"]
test = ["coveralls", "flake8", "sphinx", "sphinx-rtd-theme"]
theano = ["theano"]

[[package]]
name = "pyparsing"
version = "2.4.7"
description = "Python parsing module"
category = "dev"
optional = false
python-versions = ">=2.6, !=3.0.*, !=3.1.*, !=3.2.*"

[[package]]
name = "pytest"
version = "6.2.5"
description = "pytest: simple powerful testing with Python"
category = "dev"
optional = false
python-versions = ">=3.6"

[package.dependencies]
atomicwrites = {version = ">=1.0", markers = "sys_platform == \"win32\""}
attrs = ">=19.2.0"
colorama = {version = "*", markers = "sys_platform == \"win32\""}
iniconfig = "*"
packaging = "*"
pluggy = ">=0.12,<2.0"
py = ">=1.8.2"
toml = "*"

[package.extras]
testing = ["argcomplete", "hypothesis (>=3.56)", "mock", "nose", "requests", "xmlschema"]

[[package]]
name = "scikit-learn"
version = "1.0"
description = "A set of python modules for machine learning and data mining"
category = "main"
optional = true
python-versions = ">=3.7"

[package.dependencies]
joblib = ">=0.11"
numpy = ">=1.14.6"
scipy = ">=1.1.0"
threadpoolctl = ">=2.0.0"

[package.extras]
benchmark = ["matplotlib (>=2.2.2)", "pandas (>=0.25.0)", "memory-profiler (>=0.57.0)"]
docs = ["matplotlib (>=2.2.2)", "scikit-image (>=0.14.5)", "pandas (>=0.25.0)", "seaborn (>=0.9.0)", "memory-profiler (>=0.57.0)", "sphinx (>=4.0.1)", "sphinx-gallery (>=0.7.0)", "numpydoc (>=1.0.0)", "Pillow (>=7.1.2)", "sphinx-prompt (>=1.3.0)", "sphinxext-opengraph (>=0.4.2)"]
examples = ["matplotlib (>=2.2.2)", "scikit-image (>=0.14.5)", "pandas (>=0.25.0)", "seaborn (>=0.9.0)"]
tests = ["matplotlib (>=2.2.2)", "scikit-image (>=0.14.5)", "pandas (>=0.25.0)", "pytest (>=5.0.1)", "pytest-cov (>=2.9.0)", "flake8 (>=3.8.2)", "black (>=21.6b0)", "mypy (>=0.770)", "pyamg (>=4.0.0)"]

[[package]]
name = "scipy"
version = "1.7.1"
description = "SciPy: Scientific Library for Python"
category = "main"
optional = false
python-versions = ">=3.7,<3.10"

[package.dependencies]
numpy = ">=1.16.5,<1.23.0"

[[package]]
name = "threadpoolctl"
version = "3.0.0"
description = "threadpoolctl"
category = "main"
optional = true
python-versions = ">=3.6"

[[package]]
name = "toml"
version = "0.10.2"
description = "Python Library for Tom's Obvious, Minimal Language"
category = "dev"
optional = false
python-versions = ">=2.6, !=3.0.*, !=3.1.*, !=3.2.*"

[extras]
autograd = ["autograd"]
pymanopt = ["pymanopt"]
sklearn = []

[metadata]
lock-version = "1.1"
python-versions = ">=3.8,<3.10"
content-hash = "9690b7ca0c5fa1e7562a07b7ecadbf160598fa96692bcfcfea3c248a857c8c9d"

[metadata.files]
atomicwrites = [
    {file = "atomicwrites-1.4.0-py2.py3-none-any.whl", hash = "sha256:6d1784dea7c0c8d4a5172b6c620f40b6e4cbfdf96d783691f2e1302a7b88e197"},
    {file = "atomicwrites-1.4.0.tar.gz", hash = "sha256:ae70396ad1a434f9c7046fd2dd196fc04b12f9e91ffb859164193be8b6168a7a"},
]
attrs = [
    {file = "attrs-21.2.0-py2.py3-none-any.whl", hash = "sha256:149e90d6d8ac20db7a955ad60cf0e6881a3f20d37096140088356da6c716b0b1"},
    {file = "attrs-21.2.0.tar.gz", hash = "sha256:ef6aaac3ca6cd92904cdd0d83f629a15f18053ec84e6432106f7a4d04ae4f5fb"},
]
autograd = [
    {file = "autograd-1.3.tar.gz", hash = "sha256:a15d147577e10de037de3740ca93bfa3b5a7cdfbc34cfb9105429c3580a33ec4"},
]
cmake = [
    {file = "cmake-3.21.4-py2.py3-none-macosx_10_9_universal2.macosx_10_9_x86_64.macosx_11_0_arm64.macosx_11_0_universal2.whl", hash = "sha256:edba9012ee4b4dd25d5a58facd3c70f0a4412838d6e03714036f90ce04acd7ee"},
    {file = "cmake-3.21.4-py2.py3-none-manylinux_2_12_i686.manylinux2010_i686.whl", hash = "sha256:c970fb61b81c9fc7ca08329ce2b01235323292b52994bc97956d47967c4499dc"},
    {file = "cmake-3.21.4-py2.py3-none-manylinux_2_12_x86_64.manylinux2010_x86_64.whl", hash = "sha256:05e3248e84150a1292600bc671cb311c4a9bdb0af64d5045c27d4ed3b7813be7"},
    {file = "cmake-3.21.4-py2.py3-none-manylinux_2_17_aarch64.manylinux2014_aarch64.whl", hash = "sha256:c2d93cec76e23dae10ef4a91e24ddb544422e6231cf06d2e602976c2e078977e"},
    {file = "cmake-3.21.4-py2.py3-none-manylinux_2_17_ppc64le.manylinux2014_ppc64le.whl", hash = "sha256:6e8ae2e7da141e768e29bd9d140c7feed4479ac21251a2550d027cb9f9a349db"},
    {file = "cmake-3.21.4-py2.py3-none-manylinux_2_17_s390x.manylinux2014_s390x.whl", hash = "sha256:9b00f557b9269d3d79cb5feb76c1a69e8aa5f608c617c08f82c94d6af4178f14"},
    {file = "cmake-3.21.4-py2.py3-none-manylinux_2_5_i686.manylinux1_i686.whl", hash = "sha256:399f9219ba38ceba4d38f8b1150b9a2b11960bb4ed481a9686b522884d17e9f9"},
    {file = "cmake-3.21.4-py2.py3-none-manylinux_2_5_x86_64.manylinux1_x86_64.whl", hash = "sha256:e0db55681ed10b7175f7fd8e8f31ab18bc299bf534cc8fd31917bb2ffd3596ce"},
    {file = "cmake-3.21.4-py2.py3-none-musllinux_1_1_aarch64.whl", hash = "sha256:d84a7903ba73a453c7566f015a072c65b3a26d9acbcbbed0ec8582c6c81c4c84"},
    {file = "cmake-3.21.4-py2.py3-none-musllinux_1_1_i686.whl", hash = "sha256:dc8c851bdd5c18f2238fcc86778285b14a9f5846d2f7e9c426ed52c636d4071c"},
    {file = "cmake-3.21.4-py2.py3-none-musllinux_1_1_ppc64le.whl", hash = "sha256:13798c525cca8cb57598f0f7040a1a81579b9d08188950d9595ef2c2eff10a84"},
    {file = "cmake-3.21.4-py2.py3-none-musllinux_1_1_s390x.whl", hash = "sha256:3673a1fab9f249f606ecfd73248fbeea66f3ed9d3c12dfe539b2b6aa63614ef9"},
    {file = "cmake-3.21.4-py2.py3-none-musllinux_1_1_x86_64.whl", hash = "sha256:36cf800ff3286980f4717852b7d4dd89aa66568e1d793fa5e3276361f1241ef8"},
    {file = "cmake-3.21.4-py2.py3-none-win32.whl", hash = "sha256:cb59e6add997e40af53e83288dd74b111732adb455548d52940b1ef1f6f43589"},
    {file = "cmake-3.21.4-py2.py3-none-win_amd64.whl", hash = "sha256:d7bbf5e3f7bedcb8ab7478c383739098af11170edad204659e6191ff95b960f4"},
    {file = "cmake-3.21.4.tar.gz", hash = "sha256:30fa5ed8a5ad66dcd263adb87f3ce3dc2d0ec0ac3958f5becff577e4b62cd065"},
]
colorama = [
    {file = "colorama-0.4.4-py2.py3-none-any.whl", hash = "sha256:9f47eda37229f68eee03b24b9748937c7dc3868f906e8ba69fbcbdd3bc5dc3e2"},
    {file = "colorama-0.4.4.tar.gz", hash = "sha256:5941b2b48a20143d2267e95b1c2a7603ce057ee39fd88e7329b0c292aa16869b"},
]
cython = [
    {file = "Cython-0.29.24-cp27-cp27m-macosx_10_9_x86_64.whl", hash = "sha256:6a2cf2ccccc25413864928dfd730c29db6f63eaf98206c1e600003a445ca7f58"},
    {file = "Cython-0.29.24-cp27-cp27m-manylinux1_i686.whl", hash = "sha256:b28f92e617f540d3f21f8fd479a9c6491be920ffff672a4c61b7fc4d7f749f39"},
    {file = "Cython-0.29.24-cp27-cp27m-manylinux1_x86_64.whl", hash = "sha256:37bcfa5df2a3009f49624695d917c3804fccbdfcdc5eda6378754a879711a4d5"},
    {file = "Cython-0.29.24-cp27-cp27m-win32.whl", hash = "sha256:9164aeef1af6f837e4fc20402a31d256188ba4d535e262c6cb78caf57ad744f8"},
    {file = "Cython-0.29.24-cp27-cp27m-win_amd64.whl", hash = "sha256:73ac33a4379056a02031baa4def255717fadb9181b5ac2b244792d53eae1c925"},
    {file = "Cython-0.29.24-cp27-cp27mu-manylinux1_i686.whl", hash = "sha256:09ac3087ac7a3d489ebcb3fb8402e00c13d1a3a1c6bc73fd3b0d756a3e341e79"},
    {file = "Cython-0.29.24-cp27-cp27mu-manylinux1_x86_64.whl", hash = "sha256:774cb8fd931ee1ba52c472bc1c19077cd6895c1b24014ae07bb27df59aed5ebe"},
    {file = "Cython-0.29.24-cp34-cp34m-win32.whl", hash = "sha256:5dd56d0be50073f0e54825a8bc3393852de0eed126339ecbca0ae149dba55cfc"},
    {file = "Cython-0.29.24-cp34-cp34m-win_amd64.whl", hash = "sha256:88dc3c250dec280b0489a83950b15809762e27232f4799b1b8d0bad503f5ab84"},
    {file = "Cython-0.29.24-cp35-cp35m-manylinux1_i686.whl", hash = "sha256:5fa12ebafc2f688ea6d26ab6d1d2e634a9872509ba7135b902bb0d8b368fb04b"},
    {file = "Cython-0.29.24-cp35-cp35m-manylinux1_x86_64.whl", hash = "sha256:60c958bcab0ff315b4036a949bed1c65334e1f6a69e17e9966d742febb59043a"},
    {file = "Cython-0.29.24-cp35-cp35m-win32.whl", hash = "sha256:166f9f29cd0058ce1a14a7b3a2458b849ed34b1ec5fd4108af3fdd2c24afcbb0"},
    {file = "Cython-0.29.24-cp35-cp35m-win_amd64.whl", hash = "sha256:76cbca0188d278e93d12ebdaf5990678e6e436485fdfad49dbe9b07717d41a3c"},
    {file = "Cython-0.29.24-cp36-cp36m-macosx_10_9_x86_64.whl", hash = "sha256:f2e9381497b12e8f622af620bde0d1d094035d79b899abb2ddd3a7891f535083"},
    {file = "Cython-0.29.24-cp36-cp36m-manylinux1_i686.whl", hash = "sha256:d8d1a087f35e39384303f5e6b75d465d6f29d746d7138eae9d3b6e8e6f769eae"},
    {file = "Cython-0.29.24-cp36-cp36m-manylinux1_x86_64.whl", hash = "sha256:112efa54a58293a4fb0acf0dd8e5b3736e95b595eee24dd88615648e445abe41"},
    {file = "Cython-0.29.24-cp36-cp36m-manylinux_2_17_aarch64.manylinux2014_aarch64.whl", hash = "sha256:4cf4452f0e4d50e11701bca38f3857fe6fa16593e7fd6a4d5f7be66f611b7da2"},
    {file = "Cython-0.29.24-cp36-cp36m-win32.whl", hash = "sha256:854fe2193d3ad4c8b61932ff54d6dbe10c5fa8749eb8958d72cc0ab28243f833"},
    {file = "Cython-0.29.24-cp36-cp36m-win_amd64.whl", hash = "sha256:84826ec1c11cda56261a252ddecac0c7d6b02e47e81b94f40b27b4c23c29c17c"},
    {file = "Cython-0.29.24-cp37-cp37m-macosx_10_9_x86_64.whl", hash = "sha256:6ade74eece909fd3a437d9a5084829180751d7ade118e281e9824dd75eafaff2"},
    {file = "Cython-0.29.24-cp37-cp37m-manylinux1_i686.whl", hash = "sha256:0a142c6b862e6ed6b02209d543062c038c110585b5e32d1ad7c9717af4f07e41"},
    {file = "Cython-0.29.24-cp37-cp37m-manylinux1_x86_64.whl", hash = "sha256:10cb3def9774fa99e4583617a5616874aed3255dc241fd1f4a3c2978c78e1c53"},
    {file = "Cython-0.29.24-cp37-cp37m-manylinux_2_17_aarch64.manylinux2014_aarch64.whl", hash = "sha256:2f41ef7edd76dd23315925e003f0c58c8585f3ab24be6885c4b3f60e77c82746"},
    {file = "Cython-0.29.24-cp37-cp37m-win32.whl", hash = "sha256:821c2d416ad7d006b069657ee1034c0e0cb45bdbe9ab6ab631e8c495dfcfa4ac"},
    {file = "Cython-0.29.24-cp37-cp37m-win_amd64.whl", hash = "sha256:2d9e61ed1056a3b6a4b9156b62297ad18b357a7948e57a2f49b061217696567e"},
    {file = "Cython-0.29.24-cp38-cp38-macosx_10_9_x86_64.whl", hash = "sha256:55b0ee28c2c8118bfb3ad9b25cf7a6cbd724e442ea96956e32ccd908d5e3e043"},
    {file = "Cython-0.29.24-cp38-cp38-manylinux1_i686.whl", hash = "sha256:eb2843f8cc01c645725e6fc690a84e99cdb266ce8ebe427cf3a680ff09f876aa"},
    {file = "Cython-0.29.24-cp38-cp38-manylinux1_x86_64.whl", hash = "sha256:661dbdea519d9cfb288867252b75fef73ffa8e8bb674cec27acf70646afb369b"},
    {file = "Cython-0.29.24-cp38-cp38-manylinux_2_17_aarch64.manylinux2014_aarch64.whl", hash = "sha256:bc05de569f811be1fcfde6756c9048ae518f0c4b6d9f8f024752c5365d934cac"},
    {file = "Cython-0.29.24-cp38-cp38-win32.whl", hash = "sha256:a102cfa795c6b3b81a29bdb9dbec545367cd7f353c03e6f30a056fdfefd92854"},
    {file = "Cython-0.29.24-cp38-cp38-win_amd64.whl", hash = "sha256:416046a98255eff97ec02077d20ebeaae52682dfca1c35aadf31260442b92514"},
    {file = "Cython-0.29.24-cp39-cp39-macosx_10_9_x86_64.whl", hash = "sha256:ad43e684ade673565f6f9d6638015112f6c7f11aa2a632167b79014f613f0f5f"},
    {file = "Cython-0.29.24-cp39-cp39-manylinux1_i686.whl", hash = "sha256:afb521523cb46ddaa8d269b421f88ea2731fee05e65b952b96d4db760f5a2a1c"},
    {file = "Cython-0.29.24-cp39-cp39-manylinux1_x86_64.whl", hash = "sha256:0d414458cb22f8a90d64260da6dace5d5fcebde43f31be52ca51f818c46db8cb"},
    {file = "Cython-0.29.24-cp39-cp39-manylinux_2_17_aarch64.manylinux2014_aarch64.whl", hash = "sha256:8cb87777e82d1996aef6c146560a19270684271c9c669ba62ac6803b3cd2ff82"},
    {file = "Cython-0.29.24-cp39-cp39-win32.whl", hash = "sha256:91339ee4b465924a3ea4b2a9cec7f7227bc4cadf673ce859d24c2b9ef60b1214"},
    {file = "Cython-0.29.24-cp39-cp39-win_amd64.whl", hash = "sha256:5fb977945a2111f6b64501fdf7ed0ec162cc502b84457fd648d6a558ea8de0d6"},
    {file = "Cython-0.29.24-py2.py3-none-any.whl", hash = "sha256:f96411f0120b5cae483923aaacd2872af8709be4b46522daedc32f051d778385"},
    {file = "Cython-0.29.24.tar.gz", hash = "sha256:cdf04d07c3600860e8c2ebaad4e8f52ac3feb212453c1764a49ac08c827e8443"},
]
future = [
    {file = "future-0.18.2.tar.gz", hash = "sha256:b1bead90b70cf6ec3f0710ae53a525360fa360d306a86583adc6bf83a4db537d"},
]
iniconfig = [
    {file = "iniconfig-1.1.1-py2.py3-none-any.whl", hash = "sha256:011e24c64b7f47f6ebd835bb12a743f2fbe9a26d4cecaa7f53bc4f35ee9da8b3"},
    {file = "iniconfig-1.1.1.tar.gz", hash = "sha256:bc3af051d7d14b2ee5ef9969666def0cd1a000e121eaea580d4a313df4b37f32"},
]
joblib = [
    {file = "joblib-1.1.0-py2.py3-none-any.whl", hash = "sha256:f21f109b3c7ff9d95f8387f752d0d9c34a02aa2f7060c2135f465da0e5160ff6"},
    {file = "joblib-1.1.0.tar.gz", hash = "sha256:4158fcecd13733f8be669be0683b96ebdbbd38d23559f54dca7205aea1bf1e35"},
]
meson = [
    {file = "meson-0.60.0-py3-none-any.whl", hash = "sha256:40cc2426b482c8b0d7931a2ed69aaf85caf1ae7653d0435e82e39c5867cfa28c"},
    {file = "meson-0.60.0.tar.gz", hash = "sha256:080d68b685e9a0d9c9bb475457e097b49e1d1a6f750abc971428a8d2e1b12d47"},
]
ninja = [
    {file = "ninja-1.10.2.2-py2.py3-none-macosx_10_9_universal2.macosx_10_9_x86_64.macosx_11_0_arm64.macosx_11_0_universal2.whl", hash = "sha256:ddc7319a705f352aca53783af60d719b18beee6dce4450873c2cf3fc2a431858"},
    {file = "ninja-1.10.2.2-py2.py3-none-manylinux_2_17_aarch64.manylinux2014_aarch64.whl", hash = "sha256:ea58fe7dbb15425e839185dd2b62898cc623fde81342a50ed5dce99344e74a34"},
    {file = "ninja-1.10.2.2-py2.py3-none-manylinux_2_17_ppc64le.manylinux2014_ppc64le.whl", hash = "sha256:83c1f38996b8b0446fcfefff4cd2d0c88fb0a691f41de1422bf65f1bd8c2f562"},
    {file = "ninja-1.10.2.2-py2.py3-none-manylinux_2_17_s390x.manylinux2014_s390x.whl", hash = "sha256:510d14aaf1fa10c48cae012a31408982158478620384b31961977a0402a76f62"},
    {file = "ninja-1.10.2.2-py2.py3-none-manylinux_2_5_i686.manylinux1_i686.whl", hash = "sha256:6dd57dd01bfb73f3b52c760c10d89f19d95b1216f9afdc37d9c36179213b5172"},
    {file = "ninja-1.10.2.2-py2.py3-none-manylinux_2_5_x86_64.manylinux1_x86_64.whl", hash = "sha256:7aa5bcdcef993869f0431b3203679313ee09883e4c80c0098fc93094f4385929"},
    {file = "ninja-1.10.2.2-py2.py3-none-musllinux_1_1_aarch64.whl", hash = "sha256:bf03193cd34d4afcb0040da65715cd176958325eac7580e5de67577ae3be7b6f"},
    {file = "ninja-1.10.2.2-py2.py3-none-musllinux_1_1_i686.whl", hash = "sha256:c94f62d74aff38c5a7b9ee533597a7365d5f5b683b548df60bc1ffae94b1a86d"},
    {file = "ninja-1.10.2.2-py2.py3-none-musllinux_1_1_ppc64le.whl", hash = "sha256:bee21e3ae56ad79b17170947d5dc2cec19e2aee83b3c09d7054696d17ee11ded"},
    {file = "ninja-1.10.2.2-py2.py3-none-musllinux_1_1_s390x.whl", hash = "sha256:b51e9c2049a9773a7a037597ca49a3883650f7505bb28bed733c6d5139c94cbf"},
    {file = "ninja-1.10.2.2-py2.py3-none-musllinux_1_1_x86_64.whl", hash = "sha256:23b01780debf1fd8977ddcec3639364a414b2c6ed0e32cb29d1395ab00aa38d9"},
    {file = "ninja-1.10.2.2-py2.py3-none-win32.whl", hash = "sha256:325798418e0e3daa327ec98b5eb9ae37762dbdb34799720233e21aa95c8388b5"},
    {file = "ninja-1.10.2.2-py2.py3-none-win_amd64.whl", hash = "sha256:b8eba6f2b075098761a7396355af33075a8e2cbbe70203089c4af2346b824da3"},
    {file = "ninja-1.10.2.2.tar.gz", hash = "sha256:3f8a75acd929abb9f003d3aa5bc299cea30b9db0dfa18669877e9c02ddcf530d"},
]
numpy = [
    {file = "numpy-1.21.3-cp310-cp310-macosx_10_9_universal2.whl", hash = "sha256:508b0b513fa1266875524ba8a9ecc27b02ad771fe1704a16314dc1a816a68737"},
    {file = "numpy-1.21.3-cp310-cp310-macosx_11_0_arm64.whl", hash = "sha256:5dfe9d6a4c39b8b6edd7990091fea4f852888e41919d0e6722fe78dd421db0eb"},
    {file = "numpy-1.21.3-cp310-cp310-manylinux_2_17_aarch64.manylinux2014_aarch64.whl", hash = "sha256:8a10968963640e75cc0193e1847616ab4c718e83b6938ae74dea44953950f6b7"},
    {file = "numpy-1.21.3-cp310-cp310-manylinux_2_17_x86_64.manylinux2014_x86_64.whl", hash = "sha256:49c6249260890e05b8111ebfc391ed58b3cb4b33e63197b2ec7f776e45330721"},
    {file = "numpy-1.21.3-cp310-cp310-win_amd64.whl", hash = "sha256:f8f4625536926a155b80ad2bbff44f8cc59e9f2ad14cdda7acf4c135b4dc8ff2"},
    {file = "numpy-1.21.3-cp37-cp37m-macosx_10_9_x86_64.whl", hash = "sha256:e54af82d68ef8255535a6cdb353f55d6b8cf418a83e2be3569243787a4f4866f"},
    {file = "numpy-1.21.3-cp37-cp37m-manylinux_2_12_i686.manylinux2010_i686.whl", hash = "sha256:f41b018f126aac18583956c54544db437f25c7ee4794bcb23eb38bef8e5e192a"},
    {file = "numpy-1.21.3-cp37-cp37m-manylinux_2_12_x86_64.manylinux2010_x86_64.whl", hash = "sha256:50cd26b0cf6664cb3b3dd161ba0a09c9c1343db064e7c69f9f8b551f5104d654"},
    {file = "numpy-1.21.3-cp37-cp37m-manylinux_2_17_aarch64.manylinux2014_aarch64.whl", hash = "sha256:4cc9b512e9fb590797474f58b7f6d1f1b654b3a94f4fa8558b48ca8b3cfc97cf"},
    {file = "numpy-1.21.3-cp37-cp37m-manylinux_2_5_i686.manylinux1_i686.whl", hash = "sha256:88a5d6b268e9ad18f3533e184744acdaa2e913b13148160b1152300c949bbb5f"},
    {file = "numpy-1.21.3-cp37-cp37m-manylinux_2_5_x86_64.manylinux1_x86_64.whl", hash = "sha256:3c09418a14471c7ae69ba682e2428cae5b4420a766659605566c0fa6987f6b7e"},
    {file = "numpy-1.21.3-cp37-cp37m-win32.whl", hash = "sha256:90bec6a86b348b4559b6482e2b684db4a9a7eed1fa054b86115a48d58fbbf62a"},
    {file = "numpy-1.21.3-cp37-cp37m-win_amd64.whl", hash = "sha256:043e83bfc274649c82a6f09836943e4a4aebe5e33656271c7dbf9621dd58b8ec"},
    {file = "numpy-1.21.3-cp38-cp38-macosx_10_9_universal2.whl", hash = "sha256:75621882d2230ab77fb6a03d4cbccd2038511491076e7964ef87306623aa5272"},
    {file = "numpy-1.21.3-cp38-cp38-macosx_10_9_x86_64.whl", hash = "sha256:188031f833bbb623637e66006cf75e933e00e7231f67e2b45cf8189612bb5dc3"},
    {file = "numpy-1.21.3-cp38-cp38-macosx_11_0_arm64.whl", hash = "sha256:160ccc1bed3a8371bf0d760971f09bfe80a3e18646620e9ded0ad159d9749baa"},
    {file = "numpy-1.21.3-cp38-cp38-manylinux_2_12_i686.manylinux2010_i686.whl", hash = "sha256:29fb3dcd0468b7715f8ce2c0c2d9bbbaf5ae686334951343a41bd8d155c6ea27"},
    {file = "numpy-1.21.3-cp38-cp38-manylinux_2_12_x86_64.manylinux2010_x86_64.whl", hash = "sha256:32437f0b275c1d09d9c3add782516413e98cd7c09e6baf4715cbce781fc29912"},
    {file = "numpy-1.21.3-cp38-cp38-manylinux_2_17_aarch64.manylinux2014_aarch64.whl", hash = "sha256:e606e6316911471c8d9b4618e082635cfe98876007556e89ce03d52ff5e8fcf0"},
    {file = "numpy-1.21.3-cp38-cp38-manylinux_2_5_i686.manylinux1_i686.whl", hash = "sha256:a99a6b067e5190ac6d12005a4d85aa6227c5606fa93211f86b1dafb16233e57d"},
    {file = "numpy-1.21.3-cp38-cp38-manylinux_2_5_x86_64.manylinux1_x86_64.whl", hash = "sha256:dde972a1e11bb7b702ed0e447953e7617723760f420decb97305e66fb4afc54f"},
    {file = "numpy-1.21.3-cp38-cp38-win32.whl", hash = "sha256:fe52dbe47d9deb69b05084abd4b0df7abb39a3c51957c09f635520abd49b29dd"},
    {file = "numpy-1.21.3-cp38-cp38-win_amd64.whl", hash = "sha256:75eb7cadc8da49302f5b659d40ba4f6d94d5045fbd9569c9d058e77b0514c9e4"},
    {file = "numpy-1.21.3-cp39-cp39-macosx_10_9_universal2.whl", hash = "sha256:2a6ee9620061b2a722749b391c0d80a0e2ae97290f1b32e28d5a362e21941ee4"},
    {file = "numpy-1.21.3-cp39-cp39-macosx_10_9_x86_64.whl", hash = "sha256:5c4193f70f8069550a1788bd0cd3268ab7d3a2b70583dfe3b2e7f421e9aace06"},
    {file = "numpy-1.21.3-cp39-cp39-macosx_11_0_arm64.whl", hash = "sha256:28f15209fb535dd4c504a7762d3bc440779b0e37d50ed810ced209e5cea60d96"},
    {file = "numpy-1.21.3-cp39-cp39-manylinux_2_12_i686.manylinux2010_i686.whl", hash = "sha256:c6c2d535a7beb1f8790aaa98fd089ceab2e3dd7ca48aca0af7dc60e6ef93ffe1"},
    {file = "numpy-1.21.3-cp39-cp39-manylinux_2_12_x86_64.manylinux2010_x86_64.whl", hash = "sha256:bffa2eee3b87376cc6b31eee36d05349571c236d1de1175b804b348dc0941e3f"},
    {file = "numpy-1.21.3-cp39-cp39-manylinux_2_17_aarch64.manylinux2014_aarch64.whl", hash = "sha256:cc14e7519fab2a4ed87d31f99c31a3796e4e1fe63a86ebdd1c5a1ea78ebd5896"},
    {file = "numpy-1.21.3-cp39-cp39-win32.whl", hash = "sha256:dd0482f3fc547f1b1b5d6a8b8e08f63fdc250c58ce688dedd8851e6e26cff0f3"},
    {file = "numpy-1.21.3-cp39-cp39-win_amd64.whl", hash = "sha256:300321e3985c968e3ae7fbda187237b225f3ffe6528395a5b7a5407f73cf093e"},
    {file = "numpy-1.21.3-pp37-pypy37_pp73-manylinux_2_12_x86_64.manylinux2010_x86_64.whl", hash = "sha256:98339aa9911853f131de11010f6dd94c8cec254d3d1f7261528c3b3e3219f139"},
    {file = "numpy-1.21.3.zip", hash = "sha256:63571bb7897a584ca3249c86dd01c10bcb5fe4296e3568b2e9c1a55356b6410e"},
]
packaging = [
    {file = "packaging-21.0-py3-none-any.whl", hash = "sha256:c86254f9220d55e31cc94d69bade760f0847da8000def4dfe1c6b872fd14ff14"},
    {file = "packaging-21.0.tar.gz", hash = "sha256:7dc96269f53a4ccec5c0670940a4281106dd0bb343f47b7471f779df49c2fbe7"},
]
pluggy = [
    {file = "pluggy-1.0.0-py2.py3-none-any.whl", hash = "sha256:74134bbf457f031a36d68416e1509f34bd5ccc019f0bcc952c7b909d06b37bd3"},
    {file = "pluggy-1.0.0.tar.gz", hash = "sha256:4224373bacce55f955a878bf9cfa763c1e360858e330072059e10bad68531159"},
]
py = [
    {file = "py-1.10.0-py2.py3-none-any.whl", hash = "sha256:3b80836aa6d1feeaa108e046da6423ab8f6ceda6468545ae8d02d9d58d18818a"},
    {file = "py-1.10.0.tar.gz", hash = "sha256:21b81bda15b66ef5e1a777a21c4dcd9c20ad3efd0b3f817e7a809035269e1bd3"},
]
pymanopt = [
    {file = "pymanopt-0.2.5-py3-none-any.whl", hash = "sha256:aa8c295f932ff76e8f470aa1fe60148588ad738b9fae8d07c83291cb4438aa15"},
    {file = "pymanopt-0.2.5.tar.gz", hash = "sha256:8af3d12fee9f0b6a6756d271972307d7bbee4d3fcef7eed654017cc9c26893d9"},
]
pyparsing = [
    {file = "pyparsing-2.4.7-py2.py3-none-any.whl", hash = "sha256:ef9d7589ef3c200abe66653d3f1ab1033c3c419ae9b9bdb1240a85b024efc88b"},
    {file = "pyparsing-2.4.7.tar.gz", hash = "sha256:c203ec8783bf771a155b207279b9bccb8dea02d8f0c9e5f8ead507bc3246ecc1"},
]
pytest = [
    {file = "pytest-6.2.5-py3-none-any.whl", hash = "sha256:7310f8d27bc79ced999e760ca304d69f6ba6c6649c0b60fb0e04a4a77cacc134"},
    {file = "pytest-6.2.5.tar.gz", hash = "sha256:131b36680866a76e6781d13f101efb86cf674ebb9762eb70d3082b6f29889e89"},
]
scikit-learn = [
    {file = "scikit-learn-1.0.tar.gz", hash = "sha256:776800194e757cd212b47cd05907e0eb67a554ad333fe76776060dbb729e3427"},
    {file = "scikit_learn-1.0-cp37-cp37m-macosx_10_13_x86_64.whl", hash = "sha256:e8a6074f7d505bbfd30bcc1c57dc7cb150cc9c021459c2e2729854be1aefb5f7"},
    {file = "scikit_learn-1.0-cp37-cp37m-manylinux_2_12_i686.manylinux2010_i686.whl", hash = "sha256:56ab58978c7aa181856a42f8f491be953b755105040aeb070ebd6b180896f146"},
    {file = "scikit_learn-1.0-cp37-cp37m-manylinux_2_12_x86_64.manylinux2010_x86_64.whl", hash = "sha256:b1df4d1151dd6d945324583125e6449bb74ec7cd91ffd7f850015cdb75f151b5"},
    {file = "scikit_learn-1.0-cp37-cp37m-manylinux_2_17_aarch64.manylinux2014_aarch64.whl", hash = "sha256:b9f10b85dcd9ce80f738e33f55a32b3a538b47409dc1a59eec30b46ea96759db"},
    {file = "scikit_learn-1.0-cp37-cp37m-manylinux_2_5_i686.manylinux1_i686.whl", hash = "sha256:663a6aaad92e5690b03d931f849016c9718beaa654e9a15f08bfcac750241036"},
    {file = "scikit_learn-1.0-cp37-cp37m-manylinux_2_5_x86_64.manylinux1_x86_64.whl", hash = "sha256:190c178028f9073d9f61cd30a19c685993236b9b2df884f16608cbb3ff03800b"},
    {file = "scikit_learn-1.0-cp37-cp37m-win32.whl", hash = "sha256:555f4b4c10d3bef9e3cda63c3b45670a091fb50328fccd54948cd8a7cf887198"},
    {file = "scikit_learn-1.0-cp37-cp37m-win_amd64.whl", hash = "sha256:9f103cd6d7e15fa537a844c1a85c9beeeee8ec38357287c9efd3ee4bb8354e1d"},
    {file = "scikit_learn-1.0-cp38-cp38-macosx_10_13_x86_64.whl", hash = "sha256:121f78d6564000dc5e968394f45aac87981fcaaf2be40cfcd8f07b2baa1e1829"},
    {file = "scikit_learn-1.0-cp38-cp38-manylinux_2_12_i686.manylinux2010_i686.whl", hash = "sha256:83ab0d0447b8de8450c554952a8399791544605caf274fc3c904e247e1584ced"},
    {file = "scikit_learn-1.0-cp38-cp38-manylinux_2_12_x86_64.manylinux2010_x86_64.whl", hash = "sha256:f8aecb3edc443e5625725ae1ef8f500fa78ce7cb0e864115864bb9f234d18290"},
    {file = "scikit_learn-1.0-cp38-cp38-manylinux_2_17_aarch64.manylinux2014_aarch64.whl", hash = "sha256:c1f710bba72925aa96e60828df5d2a4872f5d4a4ad7bb4a4c9a6a41c9ce9a198"},
    {file = "scikit_learn-1.0-cp38-cp38-manylinux_2_5_i686.manylinux1_i686.whl", hash = "sha256:4cb5ccb2b63c617ead48c6d92001273ad1b0e8e2bd4a4857edb58749a88b6d82"},
    {file = "scikit_learn-1.0-cp38-cp38-manylinux_2_5_x86_64.manylinux1_x86_64.whl", hash = "sha256:29559c207616604bbaa664bf98eed81b32d9f3d4c975065a206a5e2b268fe784"},
    {file = "scikit_learn-1.0-cp38-cp38-win32.whl", hash = "sha256:c9c329ec195cdea6a4dee3cebdb1602f4e0f69351c63bc58a4812f3c8a9f4f2d"},
    {file = "scikit_learn-1.0-cp38-cp38-win_amd64.whl", hash = "sha256:14bd46639b2149b3ed613adc095511313a0db62ba9fa31117bdcb5c23722e93b"},
    {file = "scikit_learn-1.0-cp39-cp39-macosx_10_13_x86_64.whl", hash = "sha256:efeac34d0ce6bf9404d268545867cbde9d6ecadd0e9bd7e6b468e5f4e2349875"},
    {file = "scikit_learn-1.0-cp39-cp39-manylinux_2_12_i686.manylinux2010_i686.whl", hash = "sha256:af94b89a8f7759603c696b320e86e57f4b2bb4911e02bf2bae33c714ac498fb8"},
    {file = "scikit_learn-1.0-cp39-cp39-manylinux_2_12_x86_64.manylinux2010_x86_64.whl", hash = "sha256:6d8bdacde73f5f484325179f466ce2011f79360e9a152100179c3dafb88f2a35"},
    {file = "scikit_learn-1.0-cp39-cp39-manylinux_2_17_aarch64.manylinux2014_aarch64.whl", hash = "sha256:f7053801ceb7c51ce674c6a8e37a18fcc221c292f66ef7da84744ecf13b4a0c0"},
    {file = "scikit_learn-1.0-cp39-cp39-manylinux_2_5_i686.manylinux1_i686.whl", hash = "sha256:e35135657b7103a70298cf557e4fad06af97607cb0780d8f44a2f91ca7769458"},
    {file = "scikit_learn-1.0-cp39-cp39-manylinux_2_5_x86_64.manylinux1_x86_64.whl", hash = "sha256:9d8caf7fa58791b6b26e912e44d5056818b7bb3142bfa7806f54bde47c189078"},
    {file = "scikit_learn-1.0-cp39-cp39-win32.whl", hash = "sha256:6a056637f7f9876e4c9db9b5434d340e0c97e25f00c4c04458f0ff906e82488e"},
    {file = "scikit_learn-1.0-cp39-cp39-win_amd64.whl", hash = "sha256:eed33b7ca2bf3fdd585339db42838ab0b641952e064564bff6e9a10573ea665c"},
]
scipy = [
    {file = "scipy-1.7.1-cp37-cp37m-macosx_10_9_x86_64.whl", hash = "sha256:2a0eeaab01258e0870c4022a6cd329aef3b7c6c2b606bd7cf7bb2ba9820ae561"},
    {file = "scipy-1.7.1-cp37-cp37m-manylinux_2_17_aarch64.manylinux2014_aarch64.whl", hash = "sha256:3f52470e0548cdb74fb8ddf06773ffdcca7c97550f903b1c51312ec19243a7f7"},
    {file = "scipy-1.7.1-cp37-cp37m-manylinux_2_5_i686.manylinux1_i686.whl", hash = "sha256:787749110a23502031fb1643c55a2236c99c6b989cca703ea2114d65e21728ef"},
    {file = "scipy-1.7.1-cp37-cp37m-manylinux_2_5_x86_64.manylinux1_x86_64.whl", hash = "sha256:3304bd5bc32e00954ac4b3f4cc382ca8824719bf348aacbec6347337d6b125fe"},
    {file = "scipy-1.7.1-cp37-cp37m-win32.whl", hash = "sha256:d1388fbac9dd591ea630da75c455f4cc637a7ca5ecb31a6b6cef430914749cde"},
    {file = "scipy-1.7.1-cp37-cp37m-win_amd64.whl", hash = "sha256:d648aa85dd5074b1ed83008ae987c3fbb53d68af619fce1dee231f4d8bd40e2f"},
    {file = "scipy-1.7.1-cp38-cp38-macosx_10_9_x86_64.whl", hash = "sha256:bc61e3e5ff92d2f32bb263621d54a9cff5e3f7c420af3d1fa122ce2529de2bd9"},
    {file = "scipy-1.7.1-cp38-cp38-manylinux_2_17_aarch64.manylinux2014_aarch64.whl", hash = "sha256:a496b42dbcd04ea9924f5e92be63af3d8e0f43a274b769bfaca0a297327d54ee"},
    {file = "scipy-1.7.1-cp38-cp38-manylinux_2_5_i686.manylinux1_i686.whl", hash = "sha256:d13f31457f2216e5705304d9f28e2826edf75487410a57aa99263fa4ffd792c2"},
    {file = "scipy-1.7.1-cp38-cp38-manylinux_2_5_x86_64.manylinux1_x86_64.whl", hash = "sha256:90c07ba5f34f33299a428b0d4fa24c30d2ceba44d63f8385b2b05be460819fcb"},
    {file = "scipy-1.7.1-cp38-cp38-win32.whl", hash = "sha256:efdd3825d54c58df2cc394366ca4b9166cf940a0ebddeb87b6c10053deb625ea"},
    {file = "scipy-1.7.1-cp38-cp38-win_amd64.whl", hash = "sha256:71cfc96297617eab911e22216e8a8597703202e95636d9406df9af5c2ac99a2b"},
    {file = "scipy-1.7.1-cp39-cp39-macosx_10_9_x86_64.whl", hash = "sha256:4ee952f39a4a4c7ba775a32b664b1f4b74818548b65f765987adc14bb78f5802"},
    {file = "scipy-1.7.1-cp39-cp39-manylinux_2_17_aarch64.manylinux2014_aarch64.whl", hash = "sha256:611f9cb459d0707dd8e4de0c96f86e93f61aac7475fcb225e9ec71fecdc5cebf"},
    {file = "scipy-1.7.1-cp39-cp39-manylinux_2_5_i686.manylinux1_i686.whl", hash = "sha256:e101bceeb9e65a90dadbc5ca31283403a2d4667b9c178db29109750568e8d112"},
    {file = "scipy-1.7.1-cp39-cp39-manylinux_2_5_x86_64.manylinux1_x86_64.whl", hash = "sha256:4729b41a4cdaf4cd011aeac816b532f990bdf97710cef59149d3e293115cf467"},
    {file = "scipy-1.7.1-cp39-cp39-win32.whl", hash = "sha256:c9951e3746b68974125e5e3445008a4163dd6d20ae0bbdae22b38cb8951dc11b"},
    {file = "scipy-1.7.1-cp39-cp39-win_amd64.whl", hash = "sha256:da9c6b336e540def0b7fd65603da8abeb306c5fc9a5f4238665cbbb5ff95cf58"},
    {file = "scipy-1.7.1.tar.gz", hash = "sha256:6b47d5fa7ea651054362561a28b1ccc8da9368a39514c1bbf6c0977a1c376764"},
]
threadpoolctl = [
    {file = "threadpoolctl-3.0.0-py3-none-any.whl", hash = "sha256:4fade5b3b48ae4b1c30f200b28f39180371104fccc642e039e0f2435ec8cc211"},
    {file = "threadpoolctl-3.0.0.tar.gz", hash = "sha256:d03115321233d0be715f0d3a5ad1d6c065fe425ddc2d671ca8e45e9fd5d7a52a"},
]
toml = [
    {file = "toml-0.10.2-py2.py3-none-any.whl", hash = "sha256:806143ae5bfb6a3c6e736a764057db0e6a0e05e338b5630894a5f779cabb4f9b"},
    {file = "toml-0.10.2.tar.gz", hash = "sha256:b3bda1d108d5dd99f4a20d24d9c348e91c4db7ab1b749200bded2f839ccbe68f"},
]
